dependencies:
- name: webhook-tester
  repository: https://tarampampam.github.io/webhook-tester/helm-charts
  version: 2.1.0-rc1
- name: proxy-3proxy
  repository: https://tarampampam.github.io/3proxy-docker/helm-charts
  version: 1.11.0
digest: sha256:ded3c7243e0f40b329736654aa8c7b8cbcaead55e720d7a1650ad83a9f77c4bc
generated: "2025-02-02T13:01:01.52303231Z"
