dependencies:
- name: webhook-tester
  repository: https://tarampampam.github.io/webhook-tester/helm-charts
  version: 2.2.1
- name: proxy-3proxy
  repository: https://tarampampam.github.io/3proxy-docker/helm-charts
  version: 1.12.0
- name: rssbot
  repository: https://tarampampam.github.io/rssbot-docker/helm-charts
  version: 1.0.0
- name: video-dl-bot
  repository: https://tarampampam.github.io/video-dl-bot/helm-charts
  version: 0.0.5
digest: sha256:52c4457b65c3eefd5ea8491db619f9342a25c9ee744718af30dabb793489da01
generated: "2025-06-03T20:27:59.910178584Z"
