dependencies:
- name: webhook-tester
  repository: https://tarampampam.github.io/webhook-tester/helm-charts
  version: 2.2.1
- name: proxy-3proxy
  repository: https://tarampampam.github.io/3proxy-docker/helm-charts
  version: 1.12.0
- name: rssbot
  repository: https://tarampampam.github.io/rssbot-docker/helm-charts
  version: 1.0.0
- name: video-dl-bot
  repository: https://tarampampam.github.io/video-dl-bot/helm-charts
  version: 0.0.7
digest: sha256:25362f6f3b831f6f0c9bf0536b58cb7d8f2af21ad5d8263d6727a98eb5a48ea5
generated: "2025-06-04T11:41:57.545188211Z"
