dependencies:
- name: traefik
  repository: https://helm.traefik.io/traefik
  version: 36.1.0
- name: external-secrets
  repository: https://charts.external-secrets.io
  version: 0.17.0
digest: sha256:cbd43bb24e20265047f1aa012c7977752497dd27b6b83a06d8c066ffdb91603f
generated: "2025-07-01T03:10:05.899361149Z"
